
Microsoft Visual Studio Solution File, Format Version 12.00
# Visual Studio Version 17
VisualStudioVersion = 17.14.36429.23
MinimumVisualStudioVersion = 10.0.40219.1
Project("{FAE04EC0-301F-11D3-BF4B-00C04F79EFBC}") = "IDEn.Infrastructure", "IDEn.Infraestructure\IDEn.Infrastructure.csproj", "{21F0015E-D1C8-48D4-9C6E-B3D308F60AD7}"
EndProject
Project("{FAE04EC0-301F-11D3-BF4B-00C04F79EFBC}") = "IDEn.Core", "IDEn.Core\IDEn.Core.csproj", "{EDB9A26B-C536-4BA4-9B8F-C721E0365691}"
EndProject
Project("{FAE04EC0-301F-11D3-BF4B-00C04F79EFBC}") = "IDEn.Reports", "IDEn.Reports\IDEn.Reports.csproj", "{A57CBBB8-B656-4B43-A720-E2A966E2A3A0}"
EndProject
Project("{FAE04EC0-301F-11D3-BF4B-00C04F79EFBC}") = "IDEn.App", "IDEn.App\IDEn.App.csproj", "{1FBE8028-2607-4D62-9B60-5F37A0F7BA2A}"
	ProjectSection(ProjectDependencies) = postProject
		{21F0015E-D1C8-48D4-9C6E-B3D308F60AD7} = {21F0015E-D1C8-48D4-9C6E-B3D308F60AD7}
	EndProjectSection
EndProject
Global
	GlobalSection(SolutionConfigurationPlatforms) = preSolution
		Debug|Any CPU = Debug|Any CPU
		Release|Any CPU = Release|Any CPU
	EndGlobalSection
	GlobalSection(ProjectConfigurationPlatforms) = postSolution
		{21F0015E-D1C8-48D4-9C6E-B3D308F60AD7}.Debug|Any CPU.ActiveCfg = Debug|Any CPU
		{21F0015E-D1C8-48D4-9C6E-B3D308F60AD7}.Debug|Any CPU.Build.0 = Debug|Any CPU
		{21F0015E-D1C8-48D4-9C6E-B3D308F60AD7}.Release|Any CPU.ActiveCfg = Release|Any CPU
		{21F0015E-D1C8-48D4-9C6E-B3D308F60AD7}.Release|Any CPU.Build.0 = Release|Any CPU
		{EDB9A26B-C536-4BA4-9B8F-C721E0365691}.Debug|Any CPU.ActiveCfg = Debug|Any CPU
		{EDB9A26B-C536-4BA4-9B8F-C721E0365691}.Debug|Any CPU.Build.0 = Debug|Any CPU
		{EDB9A26B-C536-4BA4-9B8F-C721E0365691}.Release|Any CPU.ActiveCfg = Release|Any CPU
		{EDB9A26B-C536-4BA4-9B8F-C721E0365691}.Release|Any CPU.Build.0 = Release|Any CPU
		{A57CBBB8-B656-4B43-A720-E2A966E2A3A0}.Debug|Any CPU.ActiveCfg = Debug|Any CPU
		{A57CBBB8-B656-4B43-A720-E2A966E2A3A0}.Debug|Any CPU.Build.0 = Debug|Any CPU
		{A57CBBB8-B656-4B43-A720-E2A966E2A3A0}.Release|Any CPU.ActiveCfg = Release|Any CPU
		{A57CBBB8-B656-4B43-A720-E2A966E2A3A0}.Release|Any CPU.Build.0 = Release|Any CPU
		{1FBE8028-2607-4D62-9B60-5F37A0F7BA2A}.Debug|Any CPU.ActiveCfg = Debug|Any CPU
		{1FBE8028-2607-4D62-9B60-5F37A0F7BA2A}.Debug|Any CPU.Build.0 = Debug|Any CPU
		{1FBE8028-2607-4D62-9B60-5F37A0F7BA2A}.Release|Any CPU.ActiveCfg = Release|Any CPU
		{1FBE8028-2607-4D62-9B60-5F37A0F7BA2A}.Release|Any CPU.Build.0 = Release|Any CPU
	EndGlobalSection
	GlobalSection(SolutionProperties) = preSolution
		HideSolutionNode = FALSE
	EndGlobalSection
	GlobalSection(ExtensibilityGlobals) = postSolution
		SolutionGuid = {EF58963C-1ED8-41F1-A783-4B6FA42EF535}
	EndGlobalSection
EndGlobal
